
Microsoft Visual Studio Solution File, Format Version 12.00
Project("{8BC9CEB8-8B4A-11D0-8D11-00A0C91BC942}") = "L3D", "L3D\L3D.vcxproj", "{82A0C733-2DD4-4453-BBBF-17F9FD26440A}"
EndProject
Global
	GlobalSection(SolutionConfigurationPlatforms) = preSolution
		Debug|Win32 = Debug|Win32
		Debug|x64 = Debug|x64
		Release|Win32 = Release|Win32
		Release|x64 = Release|x64
	EndGlobalSection
	GlobalSection(ProjectConfigurationPlatforms) = postSolution
		{82A0C733-2DD4-4453-BBBF-17F9FD26440A}.Debug|Win32.ActiveCfg = Debug|Win32
		{82A0C733-2DD4-4453-BBBF-17F9FD26440A}.Debug|Win32.Build.0 = Debug|Win32
		{82A0C733-2DD4-4453-BBBF-17F9FD26440A}.Debug|x64.ActiveCfg = Debug|x64
		{82A0C733-2DD4-4453-BBBF-17F9FD26440A}.Debug|x64.Build.0 = Debug|x64
		{82A0C733-2DD4-4453-BBBF-17F9FD26440A}.Release|Win32.ActiveCfg = Release|Win32
		{82A0C733-2DD4-4453-BBBF-17F9FD26440A}.Release|Win32.Build.0 = Release|Win32
		{82A0C733-2DD4-4453-BBBF-17F9FD26440A}.Release|x64.ActiveCfg = Release|x64
		{82A0C733-2DD4-4453-BBBF-17F9FD26440A}.Release|x64.Build.0 = Release|x64
	EndGlobalSection
EndGlobal
